{
    "_meta": {
        "hash": {
            "sha256": "543980ac31dcef9ae54854770ae4bf06abe15a795b67b2d205b4baebfe86e09e"
        },
        "pipfile-spec": 6,
        "requires": {
            "python_version": "3.6"
        },
        "sources": [
            {
                "name": "pypi",
                "url": "https://pypi.org/simple",
                "verify_ssl": true
            }
        ]
    },
    "default": {
        "attrs": {
            "hashes": [
                "sha256:29adc2665447e5191d0e7c568fde78b21f9672d344281d0c6e1ab085429b22b6",
                "sha256:86efa402f67bf2df34f51a335487cf46b1ec130d02b8d39fd248abfd30da551c"
            ],
            "markers": "python_version >= '3.5'",
            "version": "==22.1.0"
        },
        "certifi": {
            "hashes": [
                "sha256:35824b4c3a97115964b408844d64aa14db1cc518f6562e8d7261699d1350a9e3",
                "sha256:4ad3232f5e926d6718ec31cfc1fcadfde020920e278684144551c91769c7bc18"
            ],
            "index": "pypi",
            "version": "==2022.12.7"
        },
        "chardet": {
            "hashes": [
                "sha256:84ab92ed1c4d4f16916e05906b6b75a6c0fb5db821cc65e70cbd64a3e2a5eaae",
                "sha256:fc323ffcaeaed0e0a02bf4d117757b98aed530d9ed4531e3e15460124c106691"
            ],
            "version": "==3.0.4"
        },
        "execnet": {
            "hashes": [
                "sha256:8f694f3ba9cc92cab508b152dcfe322153975c29bda272e2fd7f3f00f36e47c5",
                "sha256:a295f7cc774947aac58dde7fdc85f4aa00c42adf5d8f5468fc630c1acf30a142"
            ],
            "markers": "python_version >= '2.7' and python_version not in '3.0, 3.1, 3.2, 3.3, 3.4'",
            "version": "==1.9.0"
        },
        "idna": {
            "hashes": [
                "sha256:b307872f855b18632ce0c21c5e45be78c0ea7ae4c15c828c20788b26921eb3f6",
                "sha256:b97d804b1e9b523befed77c48dacec60e6dcb0b5391d57af6a65a312a90648c0"
            ],
            "markers": "python_version >= '2.7' and python_version not in '3.0, 3.1, 3.2, 3.3'",
            "version": "==2.10"
        },
        "importlib-metadata": {
            "hashes": [
                "sha256:65a9576a5b2d58ca44d133c42a241905cc45e34d2c06fd5ba2bafa221e5d7b5e",
                "sha256:766abffff765960fcc18003801f7044eb6755ffae4521c8e8ce8e83b9c9b0668"
            ],
            "markers": "python_version < '3.8'",
            "version": "==4.8.3"
        },
        "iso8601": {
            "hashes": [
                "sha256:210e0134677cc0d02f6028087fee1df1e1d76d372ee1db0bf30bf66c5c1c89a3",
                "sha256:49c4b20e1f38aa5cf109ddcd39647ac419f928512c869dc01d5c7098eddede82",
                "sha256:bbbae5fb4a7abfe71d4688fd64bff70b91bbd74ef6a99d964bab18f7fdf286dd"
            ],
            "index": "pypi",
            "version": "==0.1.12"
        },
        "more-itertools": {
            "hashes": [
                "sha256:1bc4f91ee5b1b31ac7ceacc17c09befe6a40a503907baf9c839c229b5095cfd2",
                "sha256:c09443cd3d5438b8dafccd867a6bc1cb0894389e90cb53d227456b0b0bccb750"
            ],
            "markers": "python_version >= '3.5'",
            "version": "==8.14.0"
        },
        "numpy": {
            "hashes": [
                "sha256:00d7b54c025601e28f468953d065b9b121ddca7fff30bed7be082d3656dd798d",
                "sha256:02ec9582808c4e48be4e93cd629c855e644882faf704bc2bd6bbf58c08a2a897",
                "sha256:0e6f72f7bb08f2f350ed4408bb7acdc0daba637e73bce9f5ea2b207039f3af88",
                "sha256:1be2e96314a66f5f1ce7764274327fd4fb9da58584eaff00b5a5221edefee7d6",
                "sha256:2466fbcf23711ebc5daa61d28ced319a6159b260a18839993d871096d66b93f7",
                "sha256:2b573fcf6f9863ce746e4ad00ac18a948978bb3781cffa4305134d31801f3e26",
                "sha256:3f0dae97e1126f529ebb66f3c63514a0f72a177b90d56e4bce8a0b5def34627a",
                "sha256:50fb72bcbc2cf11e066579cb53c4ca8ac0227abb512b6cbc1faa02d1595a2a5d",
                "sha256:57aea170fb23b1fd54fa537359d90d383d9bf5937ee54ae8045a723caa5e0961",
                "sha256:709c2999b6bd36cdaf85cf888d8512da7433529f14a3689d6e37ab5242e7add5",
                "sha256:7d59f21e43bbfd9a10953a7e26b35b6849d888fc5a331fa84a2d9c37bd9fe2a2",
                "sha256:904b513ab8fbcbdb062bed1ce2f794ab20208a1b01ce9bd90776c6c7e7257032",
                "sha256:96dd36f5cdde152fd6977d1bbc0f0561bccffecfde63cd397c8e6033eb66baba",
                "sha256:9933b81fecbe935e6a7dc89cbd2b99fea1bf362f2790daf9422a7bb1dc3c3085",
                "sha256:bbcc85aaf4cd84ba057decaead058f43191cc0e30d6bc5d44fe336dc3d3f4509",
                "sha256:dccd380d8e025c867ddcb2f84b439722cf1f23f3a319381eac45fd077dee7170",
                "sha256:e22cd0f72fc931d6abc69dc7764484ee20c6a60b0d0fee9ce0426029b1c1bdae",
                "sha256:ed722aefb0ebffd10b32e67f48e8ac4c5c4cf5d3a785024fdf0e9eb17529cd9d",
                "sha256:efb7ac5572c9a57159cf92c508aad9f856f1cb8e8302d7fdb99061dbe52d712c",
                "sha256:efdba339fffb0e80fcc19524e4fdbda2e2b5772ea46720c44eaac28096d60720",
                "sha256:f22273dd6a403ed870207b853a856ff6327d5cbce7a835dfa0645b3fc00273ec"
            ],
            "index": "pypi",
            "version": "==1.18.4"
        },
        "packaging": {
            "hashes": [
                "sha256:dd47c42927d89ab911e606518907cc2d3a1f38bbd026385970643f9c5b8ecfeb",
                "sha256:ef103e05f519cdc783ae24ea4e2e0f508a9c99b2d4969652eed6a2e1ea5bd522"
            ],
            "markers": "python_version >= '3.6'",
            "version": "==21.3"
        },
        "pandas": {
            "hashes": [
                "sha256:295cf212054b28f1d111f3ffff932a012601558424ec892f2450d6197f6eeb92",
                "sha256:29960ea1783c59fe86b323799b130592149e0f7bb739149e7fc512b0272d9fc3",
                "sha256:29dde0874d1efb8a346f8d919b0530a9ae788ad1003752376133e38df09e6fcb",
                "sha256:2d6b7b152a6ba44627c60df291f773c4438df01653abcbec7fc556d6039f1705",
                "sha256:5de7275fc7222211dcac603ea81f1e143c45f8ec41d2e21df71aad0c95c1097c",
                "sha256:7261b3567804a70714cc2591e2f7f1e372379db9e140f9d7ffb4b8884eaa48f7",
                "sha256:758b8f6c68bc99b2eb64e57092d3aa07bd68a774e92e7686e473e0d9c86a2309",
                "sha256:835c5a2aeaa3cb5ef2a1d771c75ee3a73d6ad1b82cfc54677c8f863c75fa51bd",
                "sha256:8398d7a47ae667a639ac4ee6724d7ef98602b5ff2b10b5b4d5e6ab45a8d596d2",
                "sha256:84ab1d50590cb2d9554211f164dc1b1a216bc94da2ba922aed2690c83f248fd9",
                "sha256:98054c04318ba46bb81433230c2e5fab6a68df916ccb5355d428907bfb16b257",
                "sha256:9e5ee41d1550ec36093c95e30644e313df4b57c1cdead545754d9c113aecbbb5",
                "sha256:d4495aba61060d87c634fc777ac15aecd1d176987e5ed0585a3ed7e2f4e6c1f7",
                "sha256:d5f72c8239e46cfcc363c7e532a474b7ea3d8892b7b6e5ec0da6b3ebae2a07d3",
                "sha256:d88f484a25ac212fd720b5f9b9686e83f86df2b091b51f4b7b1d9089bd842f79"
            ],
            "index": "pypi",
            "version": "==0.23"
        },
        "pluggy": {
            "hashes": [
                "sha256:15b2acde666561e1298d71b523007ed7364de07029219b604cf808bfa1c765b0",
                "sha256:966c145cd83c96502c3c3868f50408687b38434af77734af1e9ca461a4081d2d"
            ],
            "markers": "python_version >= '2.7' and python_version not in '3.0, 3.1, 3.2, 3.3'",
            "version": "==0.13.1"
        },
        "py": {
            "hashes": [
                "sha256:51c75c4126074b472f746a24399ad32f6053d1b34b68d2fa41e558e6f4a98719",
                "sha256:607c53218732647dff4acdfcd50cb62615cedf612e72d1724fb1a0cc6405b378"
            ],
            "markers": "python_version >= '2.7' and python_version not in '3.0, 3.1, 3.2, 3.3, 3.4'",
            "version": "==1.11.0"
        },
        "pyparsing": {
            "hashes": [
                "sha256:2b020ecf7d21b687f219b71ecad3631f644a47f01403fa1d1036b0c6416d70fb",
                "sha256:5026bae9a10eeaefb61dab2f09052b9f4307d44aee4eda64b309723d8d206bbc"
            ],
            "markers": "python_full_version >= '3.6.8'",
            "version": "==3.0.9"
        },
        "pytest": {
            "hashes": [
                "sha256:0e5b30f5cb04e887b91b1ee519fa3d89049595f428c1db76e73bd7f17b09b172",
                "sha256:84dde37075b8805f3d1f392cc47e38a0e59518fb46a431cfdaf7cf1ce805f970"
            ],
            "index": "pypi",
            "version": "==5.4.1"
        },
        "pytest-env": {
            "hashes": [
                "sha256:7e94956aef7f2764f3c147d216ce066bf6c42948bb9e293169b1b1c880a580c2"
            ],
            "index": "pypi",
            "version": "==0.6.2"
        },
        "pytest-forked": {
            "hashes": [
                "sha256:8b67587c8f98cbbadfdd804539ed5455b6ed03802203485dd2f53c1422d7440e",
                "sha256:bbbb6717efc886b9d64537b41fb1497cfaf3c9601276be8da2cccfea5a3c8ad8"
            ],
            "markers": "python_version >= '3.6'",
            "version": "==1.4.0"
        },
        "pytest-xdist": {
            "hashes": [
                "sha256:1d4166dcac69adb38eeaedb88c8fada8588348258a3492ab49ba9161f2971129",
                "sha256:ba5ec9fde3410bd9a116ff7e4f26c92e02fa3d27975ef3ad03f330b3d4b54e91"
            ],
            "index": "pypi",
            "version": "==1.32.0"
        },
        "python-dateutil": {
            "hashes": [
                "sha256:0123cacc1627ae19ddf3c27a5de5bd67ee4586fbdd6440d9748f8abb483d3e86",
                "sha256:961d03dc3453ebbc59dbdea9e4e11c5651520a876d0f4db161e8674aae935da9"
            ],
            "markers": "python_version >= '2.7' and python_version not in '3.0, 3.1, 3.2, 3.3'",
            "version": "==2.8.2"
        },
        "pytz": {
            "hashes": [
                "sha256:a494d53b6d39c3c6e44c3bec237336e14305e4f29bbf800b599253057fbb79ed",
                "sha256:c35965d010ce31b23eeb663ed3cc8c906275d6be1a34393a1d73a41febf4a048"
            ],
            "index": "pypi",
            "version": "==2020.1"
        },
        "requests": {
            "hashes": [
                "sha256:43999036bfa82904b6af1d99e4882b560e5e2c68e5c4b0aa03b655f3d7d73fee",
                "sha256:5d2d0ffbb515f39417009a46c14256291061ac01ba8f875b90cad137de83beb4",
                "sha256:b3f43d496c6daba4493e7c431722aeb7dbc6288f52a6e04e7b6023b0247817e6"
            ],
            "index": "pypi",
            "version": "==2.23.0"
        },
        "six": {
            "hashes": [
                "sha256:1e61c37477a1626458e36f7b1d82aa5c9b094fa4802892072e49de9c60c4c926",
                "sha256:8abb2f1d86890a2dfb989f9a77cfcfd3e47c2a354b01111771326f8aa26e0254"
            ],
            "markers": "python_version >= '2.7' and python_version not in '3.0, 3.1, 3.2, 3.3'",
            "version": "==1.16.0"
        },
        "sortedcontainers": {
            "hashes": [
                "sha256:974e9a32f56b17c1bac2aebd9dcf197f3eb9cd30553c5852a3187ad162e1a03a",
                "sha256:d9e96492dd51fae31e60837736b38fe42a187b5404c16606ff7ee7cd582d4c60"
            ],
            "index": "pypi",
            "version": "==2.1.0"
        },
        "typing-extensions": {
            "hashes": [
                "sha256:1a9462dcc3347a79b1f1c0271fbe79e844580bb598bafa1ed208b94da3cdcd42",
                "sha256:21c85e0fe4b9a155d0799430b0ad741cdce7e359660ccbd8b530613e8df88ce2"
            ],
            "markers": "python_version < '3.8'",
            "version": "==4.1.1"
        },
        "urllib3": {
            "hashes": [
                "sha256:8d7eaa5a82a1cac232164990f04874c594c9453ec55eef02eab885aa02fc17a2",
                "sha256:f5321fbe4bf3fefa0efd0bfe7fb14e90909eb62a48ccda331726b4319897dd5e"
            ],
            "markers": "python_version >= '2.7' and python_version not in '3.0, 3.1, 3.2, 3.3, 3.4' and python_version < '4'",
            "version": "==1.25.11"
        },
        "wcwidth": {
            "hashes": [
                "sha256:beb4802a9cebb9144e99086eff703a642a13d6a0052920003a230f3294bbe784",
                "sha256:c4d647b99872929fdb7bdcaa4fbe7f01413ed3d98077df798530e5b04f116c83"
            ],
            "version": "==0.2.5"
        },
        "websocket-client": {
            "hashes": [
                "sha256:0fc45c961324d79c781bab301359d5a1b00b13ad1b10415a4780229ef71a5549",
                "sha256:d735b91d6d1692a6a181f2a8c9e0238e5f6373356f561bb9dc4c7af36f452010"
            ],
            "index": "pypi",
            "version": "==0.57.0"
        },
        "zipp": {
            "hashes": [
                "sha256:71c644c5369f4a6e07636f0aa966270449561fcea2e3d6747b8d23efaa9d7832",
                "sha256:9fe5ea21568a0a70e50f273397638d39b03353731e6cbbb3fd8502a33fec40bc"
            ],
            "markers": "python_version >= '3.6'",
            "version": "==3.6.0"
        }
    },
    "develop": {}
}
