{
    "_meta": {
        "hash": {
            "sha256": "2952c1ecbb698e8140dee5996ebdcc5b59b3bc82c9af2a5e5a5be22492f1875e"
        },
        "pipfile-spec": 6,
        "requires": {
            "python_version": "3.6"
        },
        "sources": [
            {
                "name": "pypi",
                "url": "https://pypi.org/simple",
                "verify_ssl": true
            }
        ]
    },
    "default": {
        "apipkg": {
            "hashes": [
                "sha256:37228cda29411948b422fae072f57e31d3396d2ee1c9783775980ee9c9990af6",
                "sha256:58587dd4dc3daefad0487f6d9ae32b4542b185e1c36db6993290e7c41ca2b47c"
            ],
            "version": "==1.5"
        },
        "attrs": {
            "hashes": [
                "sha256:08a96c641c3a74e44eb59afb61a24f2cb9f4d7188748e76ba4bb5edfa3cb7d1c",
                "sha256:f7b7ce16570fe9965acd6d30101a28f62fb4a7f9e926b3bbc9b61f8b04247e72"
            ],
            "version": "==19.3.0"
        },
        "execnet": {
            "hashes": [
                "sha256:cacb9df31c9680ec5f95553976c4da484d407e85e41c83cb812aa014f0eddc50",
                "sha256:d4efd397930c46415f62f8a31388d6be4f27a91d7550eb79bc64a756e0056547"
            ],
            "version": "==1.7.1"
        },
        "importlib-metadata": {
            "hashes": [
                "sha256:2a688cbaa90e0cc587f1df48bdc97a6eadccdcd9c35fb3f976a09e3b5016d90f",
                "sha256:34513a8a0c4962bc66d35b359558fd8a5e10cd472d37aec5f66858addef32c1e"
            ],
            "markers": "python_version < '3.8'",
            "version": "==1.6.0"
        },
        "iso8601": {
            "hashes": [
                "sha256:210e0134677cc0d02f6028087fee1df1e1d76d372ee1db0bf30bf66c5c1c89a3",
                "sha256:49c4b20e1f38aa5cf109ddcd39647ac419f928512c869dc01d5c7098eddede82",
                "sha256:bbbae5fb4a7abfe71d4688fd64bff70b91bbd74ef6a99d964bab18f7fdf286dd"
            ],
            "index": "pypi",
            "version": "==0.1.12"
        },
        "more-itertools": {
            "hashes": [
                "sha256:5dd8bcf33e5f9513ffa06d5ad33d78f31e1931ac9a18f33d37e77a180d393a7c",
                "sha256:b1ddb932186d8a6ac451e1d95844b382f55e12686d51ca0c68b6f61f2ab7a507"
            ],
            "version": "==8.2.0"
        },
        "numpy": {
            "hashes": [
                "sha256:0aa2b318cf81eb1693fcfcbb8007e95e231d7e1aa24288137f3b19905736c3ee",
                "sha256:163c78c04f47f26ca1b21068cea25ed7c5ecafe5f5ab2ea4895656a750582b56",
                "sha256:1e37626bcb8895c4b3873fcfd54e9bfc5ffec8d0f525651d6985fcc5c6b6003c",
                "sha256:264fd15590b3f02a1fbc095e7e1f37cdac698ff3829e12ffdcffdce3772f9d44",
                "sha256:3d9e1554cd9b5999070c467b18e5ae3ebd7369f02706a8850816f576a954295f",
                "sha256:40c24960cd5cec55222963f255858a1c47c6fa50a65a5b03fd7de75e3700eaaa",
                "sha256:46f404314dbec78cb342904f9596f25f9b16e7cf304030f1339e553c8e77f51c",
                "sha256:4847f0c993298b82fad809ea2916d857d0073dc17b0510fbbced663b3265929d",
                "sha256:48e15612a8357393d176638c8f68a19273676877caea983f8baf188bad430379",
                "sha256:6725d2797c65598778409aba8cd67077bb089d5b7d3d87c2719b206dc84ec05e",
                "sha256:99f0ba97e369f02a21bb95faa3a0de55991fd5f0ece2e30a9e2eaebeac238921",
                "sha256:a41f303b3f9157a31ce7203e3ca757a0c40c96669e72d9b6ee1bce8507638970",
                "sha256:a4305564e93f5c4584f6758149fd446df39fd1e0a8c89ca0deb3cce56106a027",
                "sha256:a551d8cc267c634774830086da42e4ba157fa41dd3b93982bc9501b284b0c689",
                "sha256:a6bc9432c2640b008d5f29bad737714eb3e14bb8854878eacf3d7955c4e91c36",
                "sha256:c60175d011a2e551a2f74c84e21e7c982489b96b6a5e4b030ecdeacf2914da68",
                "sha256:e46e2384209c91996d5ec16744234d1c906ab79a701ce1a26155c9ec890b8dc8",
                "sha256:e607b8cdc2ae5d5a63cd1bec30a15b5ed583ac6a39f04b7ba0f03fcfbf29c05b",
                "sha256:e94a39d5c40fffe7696009dbd11bc14a349b377e03a384ed011e03d698787dd3",
                "sha256:eb2286249ebfe8fcb5b425e5ec77e4736d53ee56d3ad296f8947f67150f495e3",
                "sha256:fdee7540d12519865b423af411bd60ddb513d2eb2cd921149b732854995bbf8b"
            ],
            "index": "pypi",
            "version": "==1.18.3"
        },
        "packaging": {
            "hashes": [
                "sha256:3c292b474fda1671ec57d46d739d072bfd495a4f51ad01a055121d81e952b7a3",
                "sha256:82f77b9bee21c1bafbf35a84905d604d5d1223801d639cf3ed140bd651c08752"
            ],
            "version": "==20.3"
        },
        "pluggy": {
            "hashes": [
                "sha256:15b2acde666561e1298d71b523007ed7364de07029219b604cf808bfa1c765b0",
                "sha256:966c145cd83c96502c3c3868f50408687b38434af77734af1e9ca461a4081d2d"
            ],
            "version": "==0.13.1"
        },
        "py": {
            "hashes": [
                "sha256:5e27081401262157467ad6e7f851b7aa402c5852dbcb3dae06768434de5752aa",
                "sha256:c20fdd83a5dbc0af9efd622bee9a5564e278f6380fffcacc43ba6f43db2813b0"
            ],
            "version": "==1.8.1"
        },
        "pyparsing": {
            "hashes": [
                "sha256:c203ec8783bf771a155b207279b9bccb8dea02d8f0c9e5f8ead507bc3246ecc1",
                "sha256:ef9d7589ef3c200abe66653d3f1ab1033c3c419ae9b9bdb1240a85b024efc88b"
            ],
            "version": "==2.4.7"
        },
        "pytest": {
            "hashes": [
                "sha256:0e5b30f5cb04e887b91b1ee519fa3d89049595f428c1db76e73bd7f17b09b172",
                "sha256:84dde37075b8805f3d1f392cc47e38a0e59518fb46a431cfdaf7cf1ce805f970"
            ],
            "index": "pypi",
            "version": "==5.4.1"
        },
        "pytest-env": {
            "hashes": [
                "sha256:7e94956aef7f2764f3c147d216ce066bf6c42948bb9e293169b1b1c880a580c2"
            ],
            "index": "pypi",
            "version": "==0.6.2"
        },
        "pytest-forked": {
            "hashes": [
                "sha256:1805699ed9c9e60cb7a8179b8d4fa2b8898098e82d229b0825d8095f0f261100",
                "sha256:1ae25dba8ee2e56fb47311c9638f9e58552691da87e82d25b0ce0e4bf52b7d87"
            ],
            "version": "==1.1.3"
        },
        "pytest-xdist": {
            "hashes": [
                "sha256:0f46020d3d9619e6d17a65b5b989c1ebbb58fc7b1da8fb126d70f4bac4dfeed1",
                "sha256:7dc0d027d258cd0defc618fb97055fbd1002735ca7a6d17037018cf870e24011"
            ],
            "index": "pypi",
            "version": "==1.31.0"
        },
        "six": {
            "hashes": [
                "sha256:236bdbdce46e6e6a3d61a337c0f8b763ca1e8717c03b369e87a7ec7ce1319c0a",
                "sha256:8f3cd2e254d8f793e7f3d6d9df77b92252b52637291d0f0da013c76ea2724b6c"
            ],
            "version": "==1.14.0"
        },
        "sortedcontainers": {
            "hashes": [
                "sha256:974e9a32f56b17c1bac2aebd9dcf197f3eb9cd30553c5852a3187ad162e1a03a",
                "sha256:d9e96492dd51fae31e60837736b38fe42a187b5404c16606ff7ee7cd582d4c60"
            ],
            "index": "pypi",
            "version": "==2.1.0"
        },
        "wcwidth": {
            "hashes": [
                "sha256:cafe2186b3c009a04067022ce1dcd79cb38d8d65ee4f4791b8888d6599d1bbe1",
                "sha256:ee73862862a156bf77ff92b09034fc4825dd3af9cf81bc5b360668d425f3c5f1"
            ],
            "version": "==0.1.9"
        },
        "websocket-client": {
            "hashes": [
                "sha256:0fc45c961324d79c781bab301359d5a1b00b13ad1b10415a4780229ef71a5549",
                "sha256:d735b91d6d1692a6a181f2a8c9e0238e5f6373356f561bb9dc4c7af36f452010"
            ],
            "index": "pypi",
            "version": "==0.57.0"
        },
        "zipp": {
            "hashes": [
                "sha256:aa36550ff0c0b7ef7fa639055d797116ee891440eac1a56f378e2d3179e0320b",
                "sha256:c599e4d75c98f6798c509911d08a22e6c021d074469042177c8c86fb92eefd96"
            ],
            "version": "==3.1.0"
        }
    },
    "develop": {}
}
